{"1.2.0",
[{<<"backoff">>,{pkg,<<"backoff">>,<<"1.1.6">>},1},
 {<<"certifi">>,{pkg,<<"certifi">>,<<"2.9.0">>},1},
 {<<"cowlib">>,{pkg,<<"cowlib">>,<<"2.6.0">>},3},
 {<<"eredis">>,{pkg,<<"eredis">>,<<"1.2.0">>},1},
 {<<"gun">>,{pkg,<<"gun">>,<<"1.3.1">>},2},
 {<<"jsx">>,{pkg,<<"jsx">>,<<"2.9.0">>},1},
 {<<"ldclient">>,{pkg,<<"launchdarkly_server_sdk">>,<<"1.5.0">>},0},
 {<<"lru">>,{pkg,<<"lru">>,<<"1.3.1">>},1},
 {<<"quickrand">>,{pkg,<<"quickrand">>,<<"1.8.0">>},2},
 {<<"shotgun">>,{pkg,<<"shotgun">>,<<"0.5.0">>},1},
 {<<"uuid">>,{pkg,<<"uuid_erl">>,<<"1.8.0">>},1},
 {<<"verl">>,{pkg,<<"verl">>,<<"1.0.1">>},1},
 {<<"yamerl">>,{pkg,<<"yamerl">>,<<"0.8.1">>},1}]}.
[
{pkg_hash,[
 {<<"backoff">>, <<"83B72ED2108BA1EE8F7D1C22E0B4A00CFE3593A67DBC792799E8CCE9F42F796B">>},
 {<<"certifi">>, <<"6F2A475689DD47F19FB74334859D460A2DC4E3252A3324BD2111B8F0429E7E21">>},
 {<<"cowlib">>, <<"8AA629F81A0FC189F261DC98A42243FA842625FEEA3C7EC56C48F4CCDB55490F">>},
 {<<"eredis">>, <<"0B8E9CFC2C00FA1374CD107EA63B49BE08D933DF2CF175E6A89B73DD9C380DE4">>},
 {<<"gun">>, <<"1489FD96018431B89F401041A9CE0B02B45265247F0FDCF71273BF087C64EA4F">>},
 {<<"jsx">>, <<"D2F6E5F069C00266CAD52FB15D87C428579EA4D7D73A33669E12679E203329DD">>},
 {<<"ldclient">>, <<"3EDEF82E044666BE242942631D7826EBADB5444645DB5B1DA57180BC33A2273F">>},
 {<<"lru">>, <<"5E1408DF9EFFEF6E719FA66DDCAECB3C816A5C167C6E95438FE5A24B9251F380">>},
 {<<"quickrand">>, <<"E47CE597FF067385FF5836C8C7706AC7F8AA7B47DD90C6417E05B64696F872FA">>},
 {<<"shotgun">>, <<"F780CC0D7BBEBB7B6067C519245D4DB62321F35BD05029080FC8499C1680F10C">>},
 {<<"uuid">>, <<"280014F8FF57FCE36EE6E91C3ECF21CBFCE78AAE9854C09597BB4C11E27B66D6">>},
 {<<"verl">>, <<"1C29FA29CE071820318D04F42850D23B6E0C8B1D6CA513B1B66312240D0690E1">>},
 {<<"yamerl">>, <<"07DA13FFA1D8E13948943789665C62CCD679DFA7B324A4A2ED3149DF17F453A4">>}]},
{pkg_hash_ext,[
 {<<"backoff">>, <<"CF0CFFF8995FB20562F822E5CC47D8CCF664C5ECDC26A684CBE85C225F9D7C39">>},
 {<<"certifi">>, <<"266DA46BDB06D6C6D35FDE799BCB28D36D985D424AD7C08B5BB48F5B5CDD4641">>},
 {<<"cowlib">>, <<"45A1A08E05E4C66F2AF665295955E337D52C2D33B1F1CF24D353CADEDDF34992">>},
 {<<"eredis">>, <<"D9B5ABEF2C2C8ABA8F32AA018203E0B3DC8B1157773B254AB1D4C2002317F1E1">>},
 {<<"gun">>, <<"F4D25A6946E34FE5D4D698DB32B0F2A9BBB1E9FD75D23A0FFADBAD373C48451F">>},
 {<<"jsx">>, <<"8EE1DB1CABAFDD578A2776A6AAAE87C2A8CE54B47B59E9EC7DAB5D7EB71CD8DC">>},
 {<<"ldclient">>, <<"42710F91E8932035B4822B08614B8A616F3819EAF4B575487D53B06E3024D1F9">>},
 {<<"lru">>, <<"CD6AC15C383D58CD2933DF9CB918617B24B12B6E5FB24D94C4C8F200FD93F619">>},
 {<<"quickrand">>, <<"7FFADCF851FB4D1F7BC2952E955623BE63F9C4A6B965FD207CC558D5AEDBB6F9">>},
 {<<"shotgun">>, <<"F7A03C23589C04FF2692FF8F5A1A6DB8DA22153DB15A97A9FE1223DBFFAF2213">>},
 {<<"uuid">>, <<"08A59B19A93F0F319B7609516DCE33D2366FA24429EF097D107B7D6998D7E9CC">>},
 {<<"verl">>, <<"F1939291D6B04ED7C20B4CF83CB0EBFC9141F692BB6FB51970429DFD145FEC9D">>},
 {<<"yamerl">>, <<"96CB30F9D64344FED0EF8A92E9F16F207DE6C04DFFF4F366752CA79F5BCEB23F">>}]}
].
