{"1.2.0",
[{<<"certifi">>,{pkg,<<"certifi">>,<<"2.12.0">>},1},
 {<<"cowlib">>,{pkg,<<"cowlib">>,<<"2.12.1">>},3},
 {<<"eredis">>,{pkg,<<"eredis">>,<<"1.7.1">>},1},
 {<<"gun">>,{pkg,<<"gun">>,<<"2.0.1">>},2},
 {<<"jsx">>,{pkg,<<"jsx">>,<<"3.1.0">>},1},
 {<<"ldclient">>,{pkg,<<"launchdarkly_server_sdk">>,<<"3.3.1">>},0},
 {<<"lru">>,{pkg,<<"lru">>,<<"2.4.0">>},1},
 {<<"quickrand">>,{pkg,<<"quickrand">>,<<"2.0.7">>},2},
 {<<"shotgun">>,{pkg,<<"shotgun">>,<<"1.0.1">>},1},
 {<<"uuid">>,{pkg,<<"uuid_erl">>,<<"2.0.7">>},1},
 {<<"verl">>,{pkg,<<"verl">>,<<"1.0.1">>},1},
 {<<"yamerl">>,{pkg,<<"yamerl">>,<<"0.10.0">>},1}]}.
[
{pkg_hash,[
 {<<"certifi">>, <<"2D1CCA2EC95F59643862AF91F001478C9863C2AC9CB6E2F89780BFD8DE987329">>},
 {<<"cowlib">>, <<"A9FA9A625F1D2025FE6B462CB865881329B5CAFF8F1854D1CBC9F9533F00E1E1">>},
 {<<"eredis">>, <<"39E31AA02ADCD651C657F39AAFD4D31A9B2F63C6C700DC9CECE98D4BC3C897AB">>},
 {<<"gun">>, <<"160A9A5394800FCBA41BC7E6D421295CF9A7894C2252C0678244948E3336AD73">>},
 {<<"jsx">>, <<"D12516BAA0BB23A59BB35DCCAF02A1BD08243FCBB9EFE24F2D9D056CCFF71268">>},
 {<<"ldclient">>, <<"2B70A7284962C24C4ACFA5BBF143E3720933E68645F9800DFD64B229D52B9652">>},
 {<<"lru">>, <<"A8F9967CA9B6F260BAA19E2EFB2AEB3853A3F5BD5F8416F537A672294B38C1BC">>},
 {<<"quickrand">>, <<"D2BD76676A446E6A058D678444B7FDA1387B813710D1AF6D6E29BB92186C8820">>},
 {<<"shotgun">>, <<"824FE88F1388188B52363DA5EB9ADD0BB1EB159081EB1D82797F763B87BDF286">>},
 {<<"uuid">>, <<"B2078D2CC814F53AFA52D36C91E08962C7E7373585C623F4C0EA6DFB04B2AF94">>},
 {<<"verl">>, <<"1C29FA29CE071820318D04F42850D23B6E0C8B1D6CA513B1B66312240D0690E1">>},
 {<<"yamerl">>, <<"4FF81FEE2F1F6A46F1700C0D880B24D193DDB74BD14EF42CB0BCF46E81EF2F8E">>}]},
{pkg_hash_ext,[
 {<<"certifi">>, <<"EE68D85DF22E554040CDB4BE100F33873AC6051387BAF6A8F6CE82272340FF1C">>},
 {<<"cowlib">>, <<"163B73F6367A7341B33C794C4E88E7DBFE6498AC42DCD69EF44C5BC5507C8DB0">>},
 {<<"eredis">>, <<"7C2B54C566FED55FEEF3341CA79B0100A6348FD3F162184B7ED5118D258C3CC1">>},
 {<<"gun">>, <<"A10BC8D6096B9502205022334F719CC9A08D9ADCFBFC0DBEE9EF31B56274A20B">>},
 {<<"jsx">>, <<"0C5CC8FDC11B53CC25CF65AC6705AD39E54ECC56D1C22E4ADB8F5A53FB9427F3">>},
 {<<"ldclient">>, <<"27F94CDC6CD7255C21F98DE9172FA28327C364E8C91DBEF7C94174D3E284279D">>},
 {<<"lru">>, <<"4FCF77E882B5E57ECA068999ACBA4386A20DBCE8E446C98C6A0F8FB3D170AFEB">>},
 {<<"quickrand">>, <<"B8ACBF89A224BC217C3070CA8BEBC6EB236DBE7F9767993B274084EA044D35F0">>},
 {<<"shotgun">>, <<"B7F17AB930EE999ED05B3DE15A07BF6A784CE28A967675C30D9791216EA20944">>},
 {<<"uuid">>, <<"4E4C5CA3461DC47C5E157ED42AA3981A053B7A186792AF972A27B14A9489324E">>},
 {<<"verl">>, <<"F1939291D6B04ED7C20B4CF83CB0EBFC9141F692BB6FB51970429DFD145FEC9D">>},
 {<<"yamerl">>, <<"346ADB2963F1051DC837A2364E4ACF6EB7D80097C0F53CBDC3046EC8EC4B4E6E">>}]}
].
