{"1.1.0",
[{<<"backoff">>,{pkg,<<"backoff">>,<<"1.1.6">>},1},
 {<<"cowlib">>,{pkg,<<"cowlib">>,<<"2.6.0">>},3},
 {<<"gun">>,{pkg,<<"gun">>,<<"1.3.1">>},2},
 {<<"jsx">>,{pkg,<<"jsx">>,<<"2.9.0">>},1},
 {<<"ldclient">>,{pkg,<<"launchdarkly_server_sdk">>,<<"1.0.0-beta3">>},0},
 {<<"lru">>,{pkg,<<"lru">>,<<"1.3.1">>},1},
 {<<"quickrand">>,{pkg,<<"quickrand">>,<<"1.8.0">>},2},
 {<<"shotgun">>,{pkg,<<"shotgun">>,<<"0.4.0">>},1},
 {<<"uuid">>,{pkg,<<"uuid_erl">>,<<"1.8.0">>},1},
 {<<"verl">>,{pkg,<<"verl">>,<<"1.0.1">>},1}]}.
[
{pkg_hash,[
 {<<"backoff">>, <<"83B72ED2108BA1EE8F7D1C22E0B4A00CFE3593A67DBC792799E8CCE9F42F796B">>},
 {<<"cowlib">>, <<"8AA629F81A0FC189F261DC98A42243FA842625FEEA3C7EC56C48F4CCDB55490F">>},
 {<<"gun">>, <<"1489FD96018431B89F401041A9CE0B02B45265247F0FDCF71273BF087C64EA4F">>},
 {<<"jsx">>, <<"D2F6E5F069C00266CAD52FB15D87C428579EA4D7D73A33669E12679E203329DD">>},
 {<<"ldclient">>, <<"2D43FE4958A2ABAB6679EF62A8DA5F193DE59BC93054925FE8C470E3FEBF0C43">>},
 {<<"lru">>, <<"5E1408DF9EFFEF6E719FA66DDCAECB3C816A5C167C6E95438FE5A24B9251F380">>},
 {<<"quickrand">>, <<"E47CE597FF067385FF5836C8C7706AC7F8AA7B47DD90C6417E05B64696F872FA">>},
 {<<"shotgun">>, <<"D9931B5F78C79169984C22F573032CCAFE03898C611DF360C0CC9D3756517746">>},
 {<<"uuid">>, <<"280014F8FF57FCE36EE6E91C3ECF21CBFCE78AAE9854C09597BB4C11E27B66D6">>},
 {<<"verl">>, <<"1C29FA29CE071820318D04F42850D23B6E0C8B1D6CA513B1B66312240D0690E1">>}]}
].
